
Microsoft Visual Studio Solution File, Format Version 12.00
# Visual Studio Version 16
VisualStudioVersion = 16.0.29519.181
MinimumVisualStudioVersion = 10.0.40219.1
Project("{FAE04EC0-301F-11D3-BF4B-00C04F79EFBC}") = "Asso.Launcher", "Asso.Launcher.csproj", "{7E4B3BB6-39D4-4B63-9D61-8936A7B4FAE6}"
EndProject
Global
	GlobalSection(SolutionConfigurationPlatforms) = preSolution
		Debug|Any CPU = Debug|Any CPU
		Release|Any CPU = Release|Any CPU
	EndGlobalSection
	GlobalSection(ProjectConfigurationPlatforms) = postSolution
		{7E4B3BB6-39D4-4B63-9D61-8936A7B4FAE6}.Debug|Any CPU.ActiveCfg = Debug|Any CPU
		{7E4B3BB6-39D4-4B63-9D61-8936A7B4FAE6}.Debug|Any CPU.Build.0 = Debug|Any CPU
		{7E4B3BB6-39D4-4B63-9D61-8936A7B4FAE6}.Release|Any CPU.ActiveCfg = Release|Any CPU
		{7E4B3BB6-39D4-4B63-9D61-8936A7B4FAE6}.Release|Any CPU.Build.0 = Release|Any CPU
	EndGlobalSection
	GlobalSection(SolutionProperties) = preSolution
		HideSolutionNode = FALSE
	EndGlobalSection
	GlobalSection(ExtensibilityGlobals) = postSolution
		SolutionGuid = {418DA4B6-0798-4010-BE05-B8DD3F9DCD48}
	EndGlobalSection
EndGlobal
